// !$*UTF8*$!
{
	archiveVersion = 1;
	classes = {
	};
	objectVersion = 77;
	objects = {

/* Begin PBXBuildFile section */
		09F5B1032F85417E0078E209 /* WidgetKit.framework in Frameworks */ = {isa = PBXBuildFile; fileRef = 09F5B1022F85417E0078E209 /* WidgetKit.framework */; };
		09F5B1052F85417E0078E209 /* SwiftUI.framework in Frameworks */ = {isa = PBXBuildFile; fileRef = 09F5B1042F85417E0078E209 /* SwiftUI.framework */; };
		09F5B1142F8541800078E209 /* PrayerWidgetExtension.appex in Embed Foundation Extensions */ = {isa = PBXBuildFile; fileRef = 09F5B1002F85417E0078E209 /* PrayerWidgetExtension.appex */; settings = {ATTRIBUTES = (RemoveHeadersOnCopy, ); }; };
/* End PBXBuildFile section */

/* Begin PBXContainerItemProxy section */
		093329D92F7F32720060C863 /* PBXContainerItemProxy */ = {
			isa = PBXContainerItemProxy;
			containerPortal = 093329C12F7F32700060C863 /* Project object */;
			proxyType = 1;
			remoteGlobalIDString = 093329C82F7F32700060C863;
			remoteInfo = Hstning;
		};
		093329E32F7F32720060C863 /* PBXContainerItemProxy */ = {
			isa = PBXContainerItemProxy;
			containerPortal = 093329C12F7F32700060C863 /* Project object */;
			proxyType = 1;
			remoteGlobalIDString = 093329C82F7F32700060C863;
			remoteInfo = Hstning;
		};
		09F5B1122F8541800078E209 /* PBXContainerItemProxy */ = {
			isa = PBXContainerItemProxy;
			containerPortal = 093329C12F7F32700060C863 /* Project object */;
			proxyType = 1;
			remoteGlobalIDString = 09F5B0FF2F85417E0078E209;
			remoteInfo = PrayerWidgetExtension;
		};
/* End PBXContainerItemProxy section */

/* Begin PBXCopyFilesBuildPhase section */
		09F5B1152F8541800078E209 /* Embed Foundation Extensions */ = {
			isa = PBXCopyFilesBuildPhase;
			buildActionMask = 2147483647;
			dstPath = "";
			dstSubfolderSpec = 13;
			files = (
				09F5B1142F8541800078E209 /* PrayerWidgetExtension.appex in Embed Foundation Extensions */,
			);
			name = "Embed Foundation Extensions";
			runOnlyForDeploymentPostprocessing = 0;
		};
/* End PBXCopyFilesBuildPhase section */

/* Begin PBXFileReference section */
		093329C92F7F32700060C863 /* Holystening.app */ = {isa = PBXFileReference; explicitFileType = wrapper.application; includeInIndex = 0; path = Holystening.app; sourceTree = BUILT_PRODUCTS_DIR; };
		093329D82F7F32720060C863 /* HstningTests.xctest */ = {isa = PBXFileReference; explicitFileType = wrapper.cfbundle; includeInIndex = 0; path = HstningTests.xctest; sourceTree = BUILT_PRODUCTS_DIR; };
		093329E22F7F32720060C863 /* HstningUITests.xctest */ = {isa = PBXFileReference; explicitFileType = wrapper.cfbundle; includeInIndex = 0; path = HstningUITests.xctest; sourceTree = BUILT_PRODUCTS_DIR; };
		09F5B1002F85417E0078E209 /* PrayerWidgetExtension.appex */ = {isa = PBXFileReference; explicitFileType = "wrapper.app-extension"; includeInIndex = 0; path = PrayerWidgetExtension.appex; sourceTree = BUILT_PRODUCTS_DIR; };
		09F5B1022F85417E0078E209 /* WidgetKit.framework */ = {isa = PBXFileReference; lastKnownFileType = wrapper.framework; name = WidgetKit.framework; path = System/Library/Frameworks/WidgetKit.framework; sourceTree = SDKROOT; };
		09F5B1042F85417E0078E209 /* SwiftUI.framework */ = {isa = PBXFileReference; lastKnownFileType = wrapper.framework; name = SwiftUI.framework; path = System/Library/Frameworks/SwiftUI.framework; sourceTree = SDKROOT; };
/* End PBXFileReference section */

/* Begin PBXFileSystemSynchronizedBuildFileExceptionSet section */
		09F5B1182F8541800078E209 /* Exceptions for "PrayerWidget" folder in "PrayerWidgetExtension" target */ = {
			isa = PBXFileSystemSynchronizedBuildFileExceptionSet;
			membershipExceptions = (
				Info.plist,
			);
			target = 09F5B0FF2F85417E0078E209 /* PrayerWidgetExtension */;
		};
		AA000001AA000001AA000001 /* Exceptions for "Holystening" folder in "Holystening" target */ = {
			isa = PBXFileSystemSynchronizedBuildFileExceptionSet;
			membershipExceptions = (
				Info.plist,
			);
			target = 093329C82F7F32700060C863 /* Holystening */;
		};
/* End PBXFileSystemSynchronizedBuildFileExceptionSet section */

/* Begin PBXFileSystemSynchronizedRootGroup section */
		093329CB2F7F32700060C863 /* Holystening */ = {
			isa = PBXFileSystemSynchronizedRootGroup;
			exceptions = (
				AA000001AA000001AA000001 /* Exceptions for "Holystening" folder in "Holystening" target */,
			);
			path = Holystening;
			sourceTree = "<group>";
		};
		093329DB2F7F32720060C863 /* HstningTests */ = {
			isa = PBXFileSystemSynchronizedRootGroup;
			path = HstningTests;
			sourceTree = "<group>";
		};
		093329E52F7F32720060C863 /* HstningUITests */ = {
			isa = PBXFileSystemSynchronizedRootGroup;
			path = HstningUITests;
			sourceTree = "<group>";
		};
		09F5B1062F85417E0078E209 /* PrayerWidget */ = {
			isa = PBXFileSystemSynchronizedRootGroup;
			exceptions = (
				09F5B1182F8541800078E209 /* Exceptions for "PrayerWidget" folder in "PrayerWidgetExtension" target */,
			);
			path = PrayerWidget;
			sourceTree = "<group>";
		};
/* End PBXFileSystemSynchronizedRootGroup section */

/* Begin PBXFrameworksBuildPhase section */
		093329C62F7F32700060C863 /* Frameworks */ = {
			isa = PBXFrameworksBuildPhase;
			buildActionMask = 2147483647;
			files = (
			);
			runOnlyForDeploymentPostprocessing = 0;
		};
		093329D52F7F32720060C863 /* Frameworks */ = {
			isa = PBXFrameworksBuildPhase;
			buildActionMask = 2147483647;
			files = (
			);
			runOnlyForDeploymentPostprocessing = 0;
		};
		093329DF2F7F32720060C863 /* Frameworks */ = {
			isa = PBXFrameworksBuildPhase;
			buildActionMask = 2147483647;
			files = (
			);
			runOnlyForDeploymentPostprocessing = 0;
		};
		09F5B0FD2F85417E0078E209 /* Frameworks */ = {
			isa = PBXFrameworksBuildPhase;
			buildActionMask = 2147483647;
			files = (
				09F5B1052F85417E0078E209 /* SwiftUI.framework in Frameworks */,
				09F5B1032F85417E0078E209 /* WidgetKit.framework in Frameworks */,
			);
			runOnlyForDeploymentPostprocessing = 0;
		};
/* End PBXFrameworksBuildPhase section */

/* Begin PBXGroup section */
		093329C02F7F32700060C863 = {
			isa = PBXGroup;
			children = (
				093329CB2F7F32700060C863 /* Holystening */,
				093329DB2F7F32720060C863 /* HstningTests */,
				093329E52F7F32720060C863 /* HstningUITests */,
				09F5B1062F85417E0078E209 /* PrayerWidget */,
				09F5B1012F85417E0078E209 /* Frameworks */,
				093329CA2F7F32700060C863 /* Products */,
			);
			sourceTree = "<group>";
		};
		093329CA2F7F32700060C863 /* Products */ = {
			isa = PBXGroup;
			children = (
				093329C92F7F32700060C863 /* Holystening.app */,
				093329D82F7F32720060C863 /* HstningTests.xctest */,
				093329E22F7F32720060C863 /* HstningUITests.xctest */,
				09F5B1002F85417E0078E209 /* PrayerWidgetExtension.appex */,
			);
			name = Products;
			sourceTree = "<group>";
		};
		09F5B1012F85417E0078E209 /* Frameworks */ = {
			isa = PBXGroup;
			children = (
				09F5B1022F85417E0078E209 /* WidgetKit.framework */,
				09F5B1042F85417E0078E209 /* SwiftUI.framework */,
			);
			name = Frameworks;
			sourceTree = "<group>";
		};
/* End PBXGroup section */

/* Begin PBXNativeTarget section */
		093329C82F7F32700060C863 /* Holystening */ = {
			isa = PBXNativeTarget;
			buildConfigurationList = 093329EC2F7F32720060C863 /* Build configuration list for PBXNativeTarget "Holystening" */;
			buildPhases = (
				093329C52F7F32700060C863 /* Sources */,
				093329C62F7F32700060C863 /* Frameworks */,
				093329C72F7F32700060C863 /* Resources */,
				09F5B1152F8541800078E209 /* Embed Foundation Extensions */,
			);
			buildRules = (
			);
			dependencies = (
				09F5B1132F8541800078E209 /* PBXTargetDependency */,
			);
			fileSystemSynchronizedGroups = (
				093329CB2F7F32700060C863 /* Holystening */,
			);
			name = Holystening;
			packageProductDependencies = (
			);
			productName = Hstning;
			productReference = 093329C92F7F32700060C863 /* Holystening.app */;
			productType = "com.apple.product-type.application";
		};
		093329D72F7F32720060C863 /* HstningTests */ = {
			isa = PBXNativeTarget;
			buildConfigurationList = 093329EF2F7F32720060C863 /* Build configuration list for PBXNativeTarget "HstningTests" */;
			buildPhases = (
				093329D42F7F32720060C863 /* Sources */,
				093329D52F7F32720060C863 /* Frameworks */,
				093329D62F7F32720060C863 /* Resources */,
			);
			buildRules = (
			);
			dependencies = (
				093329DA2F7F32720060C863 /* PBXTargetDependency */,
			);
			fileSystemSynchronizedGroups = (
				093329DB2F7F32720060C863 /* HstningTests */,
			);
			name = HstningTests;
			packageProductDependencies = (
			);
			productName = HstningTests;
			productReference = 093329D82F7F32720060C863 /* HstningTests.xctest */;
			productType = "com.apple.product-type.bundle.unit-test";
		};
		093329E12F7F32720060C863 /* HstningUITests */ = {
			isa = PBXNativeTarget;
			buildConfigurationList = 093329F22F7F32720060C863 /* Build configuration list for PBXNativeTarget "HstningUITests" */;
			buildPhases = (
				093329DE2F7F32720060C863 /* Sources */,
				093329DF2F7F32720060C863 /* Frameworks */,
				093329E02F7F32720060C863 /* Resources */,
			);
			buildRules = (
			);
			dependencies = (
				093329E42F7F32720060C863 /* PBXTargetDependency */,
			);
			fileSystemSynchronizedGroups = (
				093329E52F7F32720060C863 /* HstningUITests */,
			);
			name = HstningUITests;
			packageProductDependencies = (
			);
			productName = HstningUITests;
			productReference = 093329E22F7F32720060C863 /* HstningUITests.xctest */;
			productType = "com.apple.product-type.bundle.ui-testing";
		};
		09F5B0FF2F85417E0078E209 /* PrayerWidgetExtension */ = {
			isa = PBXNativeTarget;
			buildConfigurationList = 09F5B1192F8541800078E209 /* Build configuration list for PBXNativeTarget "PrayerWidgetExtension" */;
			buildPhases = (
				09F5B0FC2F85417E0078E209 /* Sources */,
				09F5B0FD2F85417E0078E209 /* Frameworks */,
				09F5B0FE2F85417E0078E209 /* Resources */,
			);
			buildRules = (
			);
			dependencies = (
			);
			fileSystemSynchronizedGroups = (
				09F5B1062F85417E0078E209 /* PrayerWidget */,
			);
			name = PrayerWidgetExtension;
			packageProductDependencies = (
			);
			productName = PrayerWidgetExtension;
			productReference = 09F5B1002F85417E0078E209 /* PrayerWidgetExtension.appex */;
			productType = "com.apple.product-type.app-extension";
		};
/* End PBXNativeTarget section */

/* Begin PBXProject section */
		093329C12F7F32700060C863 /* Project object */ = {
			isa = PBXProject;
			attributes = {
				BuildIndependentTargetsInParallel = 1;
				LastSwiftUpdateCheck = 2630;
				LastUpgradeCheck = 2630;
				TargetAttributes = {
					093329C82F7F32700060C863 = {
						CreatedOnToolsVersion = 26.3;
					};
					093329D72F7F32720060C863 = {
						CreatedOnToolsVersion = 26.3;
						TestTargetID = 093329C82F7F32700060C863;
					};
					093329E12F7F32720060C863 = {
						CreatedOnToolsVersion = 26.3;
						TestTargetID = 093329C82F7F32700060C863;
					};
					09F5B0FF2F85417E0078E209 = {
						CreatedOnToolsVersion = 26.3;
					};
				};
			};
			buildConfigurationList = 093329C42F7F32700060C863 /* Build configuration list for PBXProject "Holystening" */;
			developmentRegion = en;
			hasScannedForEncodings = 0;
			knownRegions = (
				en,
				Base,
			);
			mainGroup = 093329C02F7F32700060C863;
			minimizedProjectReferenceProxies = 1;
			preferredProjectObjectVersion = 77;
			productRefGroup = 093329CA2F7F32700060C863 /* Products */;
			projectDirPath = "";
			projectRoot = "";
			targets = (
				093329C82F7F32700060C863 /* Holystening */,
				093329D72F7F32720060C863 /* HstningTests */,
				093329E12F7F32720060C863 /* HstningUITests */,
				09F5B0FF2F85417E0078E209 /* PrayerWidgetExtension */,
			);
		};
/* End PBXProject section */

/* Begin PBXResourcesBuildPhase section */
		093329C72F7F32700060C863 /* Resources */ = {
			isa = PBXResourcesBuildPhase;
			buildActionMask = 2147483647;
			files = (
			);
			runOnlyForDeploymentPostprocessing = 0;
		};
		093329D62F7F32720060C863 /* Resources */ = {
			isa = PBXResourcesBuildPhase;
			buildActionMask = 2147483647;
			files = (
			);
			runOnlyForDeploymentPostprocessing = 0;
		};
		093329E02F7F32720060C863 /* Resources */ = {
			isa = PBXResourcesBuildPhase;
			buildActionMask = 2147483647;
			files = (
			);
			runOnlyForDeploymentPostprocessing = 0;
		};
		09F5B0FE2F85417E0078E209 /* Resources */ = {
			isa = PBXResourcesBuildPhase;
			buildActionMask = 2147483647;
			files = (
			);
			runOnlyForDeploymentPostprocessing = 0;
		};
/* End PBXResourcesBuildPhase section */

/* Begin PBXSourcesBuildPhase section */
		093329C52F7F32700060C863 /* Sources */ = {
			isa = PBXSourcesBuildPhase;
			buildActionMask = 2147483647;
			files = (
			);
			runOnlyForDeploymentPostprocessing = 0;
		};
		093329D42F7F32720060C863 /* Sources */ = {
			isa = PBXSourcesBuildPhase;
			buildActionMask = 2147483647;
			files = (
			);
			runOnlyForDeploymentPostprocessing = 0;
		};
		093329DE2F7F32720060C863 /* Sources */ = {
			isa = PBXSourcesBuildPhase;
			buildActionMask = 2147483647;
			files = (
			);
			runOnlyForDeploymentPostprocessing = 0;
		};
		09F5B0FC2F85417E0078E209 /* Sources */ = {
			isa = PBXSourcesBuildPhase;
			buildActionMask = 2147483647;
			files = (
			);
			runOnlyForDeploymentPostprocessing = 0;
		};
/* End PBXSourcesBuildPhase section */

/* Begin PBXTargetDependency section */
		093329DA2F7F32720060C863 /* PBXTargetDependency */ = {
			isa = PBXTargetDependency;
			target = 093329C82F7F32700060C863 /* Holystening */;
			targetProxy = 093329D92F7F32720060C863 /* PBXContainerItemProxy */;
		};
		093329E42F7F32720060C863 /* PBXTargetDependency */ = {
			isa = PBXTargetDependency;
			target = 093329C82F7F32700060C863 /* Holystening */;
			targetProxy = 093329E32F7F32720060C863 /* PBXContainerItemProxy */;
		};
		09F5B1132F8541800078E209 /* PBXTargetDependency */ = {
			isa = PBXTargetDependency;
			target = 09F5B0FF2F85417E0078E209 /* PrayerWidgetExtension */;
			targetProxy = 09F5B1122F8541800078E209 /* PBXContainerItemProxy */;
		};
/* End PBXTargetDependency section */

/* Begin XCBuildConfiguration section */
		093329EA2F7F32720060C863 /* Debug */ = {
			isa = XCBuildConfiguration;
			buildSettings = {
				ALWAYS_SEARCH_USER_PATHS = NO;
				ASSETCATALOG_COMPILER_GENERATE_SWIFT_ASSET_SYMBOL_EXTENSIONS = YES;
				CLANG_ANALYZER_NONNULL = YES;
				CLANG_ANALYZER_NUMBER_OBJECT_CONVERSION = YES_AGGRESSIVE;
				CLANG_CXX_LANGUAGE_STANDARD = "gnu++20";
				CLANG_ENABLE_MODULES = YES;
				CLANG_ENABLE_OBJC_ARC = YES;
				CLANG_ENABLE_OBJC_WEAK = YES;
				CLANG_WARN_BLOCK_CAPTURE_AUTORELEASING = YES;
				CLANG_WARN_BOOL_CONVERSION = YES;
				CLANG_WARN_COMMA = YES;
				CLANG_WARN_CONSTANT_CONVERSION = YES;
				CLANG_WARN_DEPRECATED_OBJC_IMPLEMENTATIONS = YES;
				CLANG_WARN_DIRECT_OBJC_ISA_USAGE = YES_ERROR;
				CLANG_WARN_DOCUMENTATION_COMMENTS = YES;
				CLANG_WARN_EMPTY_BODY = YES;
				CLANG_WARN_ENUM_CONVERSION = YES;
				CLANG_WARN_INFINITE_RECURSION = YES;
				CLANG_WARN_INT_CONVERSION = YES;
				CLANG_WARN_NON_LITERAL_NULL_CONVERSION = YES;
				CLANG_WARN_OBJC_IMPLICIT_RETAIN_SELF = YES;
				CLANG_WARN_OBJC_LITERAL_CONVERSION = YES;
				CLANG_WARN_OBJC_ROOT_CLASS = YES_ERROR;
				CLANG_WARN_QUOTED_INCLUDE_IN_FRAMEWORK_HEADER = YES;
				CLANG_WARN_RANGE_LOOP_ANALYSIS = YES;
				CLANG_WARN_STRICT_PROTOTYPES = YES;
				CLANG_WARN_SUSPICIOUS_MOVE = YES;
				CLANG_WARN_UNGUARDED_AVAILABILITY = YES_AGGRESSIVE;
				CLANG_WARN_UNREACHABLE_CODE = YES;
				CLANG_WARN__DUPLICATE_METHOD_MATCH = YES;
				COPY_PHASE_STRIP = NO;
				DEBUG_INFORMATION_FORMAT = dwarf;
				ENABLE_STRICT_OBJC_MSGSEND = YES;
				ENABLE_TESTABILITY = YES;
				ENABLE_USER_SCRIPT_SANDBOXING = YES;
				GCC_C_LANGUAGE_STANDARD = gnu17;
				GCC_DYNAMIC_NO_PIC = NO;
				GCC_NO_COMMON_BLOCKS = YES;
				GCC_OPTIMIZATION_LEVEL = 0;
				GCC_PREPROCESSOR_DEFINITIONS = (
					"DEBUG=1",
					"$(inherited)",
				);
				GCC_WARN_64_TO_32_BIT_CONVERSION = YES;
				GCC_WARN_ABOUT_RETURN_TYPE = YES_ERROR;
				GCC_WARN_UNDECLARED_SELECTOR = YES;
				GCC_WARN_UNINITIALIZED_AUTOS = YES_AGGRESSIVE;
				GCC_WARN_UNUSED_FUNCTION = YES;
				GCC_WARN_UNUSED_VARIABLE = YES;
				IPHONEOS_DEPLOYMENT_TARGET = 26.1;
				LOCALIZATION_PREFERS_STRING_CATALOGS = YES;
				MTL_ENABLE_DEBUG_INFO = INCLUDE_SOURCE;
				MTL_FAST_MATH = YES;
				ONLY_ACTIVE_ARCH = YES;
				SDKROOT = iphoneos;
				SWIFT_ACTIVE_COMPILATION_CONDITIONS = "DEBUG $(inherited)";
				SWIFT_OPTIMIZATION_LEVEL = "-Onone";
			};
			name = Debug;
		};
		093329EB2F7F32720060C863 /* Release */ = {
			isa = XCBuildConfiguration;
			buildSettings = {
				ALWAYS_SEARCH_USER_PATHS = NO;
				ASSETCATALOG_COMPILER_GENERATE_SWIFT_ASSET_SYMBOL_EXTENSIONS = YES;
				CLANG_ANALYZER_NONNULL = YES;
				CLANG_ANALYZER_NUMBER_OBJECT_CONVERSION = YES_AGGRESSIVE;
				CLANG_CXX_LANGUAGE_STANDARD = "gnu++20";
				CLANG_ENABLE_MODULES = YES;
				CLANG_ENABLE_OBJC_ARC = YES;
				CLANG_ENABLE_OBJC_WEAK = YES;
				CLANG_WARN_BLOCK_CAPTURE_AUTORELEASING = YES;
				CLANG_WARN_BOOL_CONVERSION = YES;
				CLANG_WARN_COMMA = YES;
				CLANG_WARN_CONSTANT_CONVERSION = YES;
				CLANG_WARN_DEPRECATED_OBJC_IMPLEMENTATIONS = YES;
				CLANG_WARN_DIRECT_OBJC_ISA_USAGE = YES_ERROR;
				CLANG_WARN_DOCUMENTATION_COMMENTS = YES;
				CLANG_WARN_EMPTY_BODY = YES;
				CLANG_WARN_ENUM_CONVERSION = YES;
				CLANG_WARN_INFINITE_RECURSION = YES;
				CLANG_WARN_INT_CONVERSION = YES;
				CLANG_WARN_NON_LITERAL_NULL_CONVERSION = YES;
				CLANG_WARN_OBJC_IMPLICIT_RETAIN_SELF = YES;
				CLANG_WARN_OBJC_LITERAL_CONVERSION = YES;
				CLANG_WARN_OBJC_ROOT_CLASS = YES_ERROR;
				CLANG_WARN_QUOTED_INCLUDE_IN_FRAMEWORK_HEADER = YES;
				CLANG_WARN_RANGE_LOOP_ANALYSIS = YES;
				CLANG_WARN_STRICT_PROTOTYPES = YES;
				CLANG_WARN_SUSPICIOUS_MOVE = YES;
				CLANG_WARN_UNGUARDED_AVAILABILITY = YES_AGGRESSIVE;
				CLANG_WARN_UNREACHABLE_CODE = YES;
				CLANG_WARN__DUPLICATE_METHOD_MATCH = YES;
				COPY_PHASE_STRIP = NO;
				DEBUG_INFORMATION_FORMAT = "dwarf-with-dsym";
				ENABLE_NS_ASSERTIONS = NO;
				ENABLE_STRICT_OBJC_MSGSEND = YES;
				ENABLE_USER_SCRIPT_SANDBOXING = YES;
				GCC_C_LANGUAGE_STANDARD = gnu17;
				GCC_NO_COMMON_BLOCKS = YES;
				GCC_WARN_64_TO_32_BIT_CONVERSION = YES;
				GCC_WARN_ABOUT_RETURN_TYPE = YES_ERROR;
				GCC_WARN_UNDECLARED_SELECTOR = YES;
				GCC_WARN_UNINITIALIZED_AUTOS = YES_AGGRESSIVE;
				GCC_WARN_UNUSED_FUNCTION = YES;
				GCC_WARN_UNUSED_VARIABLE = YES;
				IPHONEOS_DEPLOYMENT_TARGET = 26.1;
				LOCALIZATION_PREFERS_STRING_CATALOGS = YES;
				MTL_ENABLE_DEBUG_INFO = NO;
				MTL_FAST_MATH = YES;
				SDKROOT = iphoneos;
				SWIFT_COMPILATION_MODE = wholemodule;
				VALIDATE_PRODUCT = YES;
			};
			name = Release;
		};
		093329ED2F7F32720060C863 /* Debug */ = {
			isa = XCBuildConfiguration;
			buildSettings = {
				ASSETCATALOG_COMPILER_APPICON_NAME = AppIcon;
				ASSETCATALOG_COMPILER_GLOBAL_ACCENT_COLOR_NAME = AccentColor;
				CODE_SIGN_STYLE = Automatic;
				CURRENT_PROJECT_VERSION = 1;
				DEVELOPMENT_TEAM = 62KZW9BSQ5;
				ENABLE_PREVIEWS = YES;
				INFOPLIST_FILE = Holystening/Info.plist;
				INFOPLIST_KEY_CFBundleDisplayName = Holystening;
				INFOPLIST_KEY_UIApplicationSceneManifest_Generation = YES;
				INFOPLIST_KEY_UIApplicationSupportsIndirectInputEvents = YES;
				INFOPLIST_KEY_UILaunchScreen_Generation = YES;
				INFOPLIST_KEY_UISupportedInterfaceOrientations_iPad = "UIInterfaceOrientationPortrait UIInterfaceOrientationPortraitUpsideDown UIInterfaceOrientationLandscapeLeft UIInterfaceOrientationLandscapeRight";
				INFOPLIST_KEY_UISupportedInterfaceOrientations_iPhone = UIInterfaceOrientationPortrait;
				LD_RUNPATH_SEARCH_PATHS = (
					"$(inherited)",
					"@executable_path/Frameworks",
				);
				MARKETING_VERSION = 1.0;
				PRODUCT_BUNDLE_IDENTIFIER = Foresee.Holystening;
				PRODUCT_NAME = "$(TARGET_NAME)";
				STRING_CATALOG_GENERATE_SYMBOLS = YES;
				SWIFT_APPROACHABLE_CONCURRENCY = YES;
				SWIFT_DEFAULT_ACTOR_ISOLATION = MainActor;
				SWIFT_EMIT_LOC_STRINGS = YES;
				SWIFT_UPCOMING_FEATURE_MEMBER_IMPORT_VISIBILITY = YES;
				SWIFT_VERSION = 5.0;
				TARGETED_DEVICE_FAMILY = 1;
			};
			name = Debug;
		};
		093329EE2F7F32720060C863 /* Release */ = {
			isa = XCBuildConfiguration;
			buildSettings = {
				ASSETCATALOG_COMPILER_APPICON_NAME = AppIcon;
				ASSETCATALOG_COMPILER_GLOBAL_ACCENT_COLOR_NAME = AccentColor;
				CODE_SIGN_STYLE = Automatic;
				CURRENT_PROJECT_VERSION = 1;
				DEVELOPMENT_TEAM = 62KZW9BSQ5;
				ENABLE_PREVIEWS = YES;
				INFOPLIST_FILE = Holystening/Info.plist;
				INFOPLIST_KEY_CFBundleDisplayName = Holystening;
				INFOPLIST_KEY_UIApplicationSceneManifest_Generation = YES;
				INFOPLIST_KEY_UIApplicationSupportsIndirectInputEvents = YES;
				INFOPLIST_KEY_UILaunchScreen_Generation = YES;
				INFOPLIST_KEY_UISupportedInterfaceOrientations_iPad = "UIInterfaceOrientationPortrait UIInterfaceOrientationPortraitUpsideDown UIInterfaceOrientationLandscapeLeft UIInterfaceOrientationLandscapeRight";
				INFOPLIST_KEY_UISupportedInterfaceOrientations_iPhone = UIInterfaceOrientationPortrait;
				LD_RUNPATH_SEARCH_PATHS = (
					"$(inherited)",
					"@executable_path/Frameworks",
				);
				MARKETING_VERSION = 1.0;
				PRODUCT_BUNDLE_IDENTIFIER = Foresee.Holystening;
				PRODUCT_NAME = "$(TARGET_NAME)";
				STRING_CATALOG_GENERATE_SYMBOLS = YES;
				SWIFT_APPROACHABLE_CONCURRENCY = YES;
				SWIFT_DEFAULT_ACTOR_ISOLATION = MainActor;
				SWIFT_EMIT_LOC_STRINGS = YES;
				SWIFT_UPCOMING_FEATURE_MEMBER_IMPORT_VISIBILITY = YES;
				SWIFT_VERSION = 5.0;
				TARGETED_DEVICE_FAMILY = 1;
			};
			name = Release;
		};
		093329F02F7F32720060C863 /* Debug */ = {
			isa = XCBuildConfiguration;
			buildSettings = {
				BUNDLE_LOADER = "$(TEST_HOST)";
				CODE_SIGN_STYLE = Automatic;
				CURRENT_PROJECT_VERSION = 1;
				GENERATE_INFOPLIST_FILE = YES;
				IPHONEOS_DEPLOYMENT_TARGET = 26.1;
				MARKETING_VERSION = 1.0;
				PRODUCT_BUNDLE_IDENTIFIER = Foresee.HstningTests;
				PRODUCT_NAME = "$(TARGET_NAME)";
				STRING_CATALOG_GENERATE_SYMBOLS = NO;
				SWIFT_APPROACHABLE_CONCURRENCY = YES;
				SWIFT_EMIT_LOC_STRINGS = NO;
				SWIFT_UPCOMING_FEATURE_MEMBER_IMPORT_VISIBILITY = YES;
				SWIFT_VERSION = 5.0;
				TARGETED_DEVICE_FAMILY = 1;
				TEST_HOST = "$(BUILT_PRODUCTS_DIR)/Holystening.app/$(BUNDLE_EXECUTABLE_FOLDER_PATH)/Holystening";
			};
			name = Debug;
		};
		093329F12F7F32720060C863 /* Release */ = {
			isa = XCBuildConfiguration;
			buildSettings = {
				BUNDLE_LOADER = "$(TEST_HOST)";
				CODE_SIGN_STYLE = Automatic;
				CURRENT_PROJECT_VERSION = 1;
				DEVELOPMENT_TEAM = 62KZW9BSQ5;
				GENERATE_INFOPLIST_FILE = YES;
				IPHONEOS_DEPLOYMENT_TARGET = 26.1;
				MARKETING_VERSION = 1.0;
				PRODUCT_BUNDLE_IDENTIFIER = Foresee.HstningTests;
				PRODUCT_NAME = "$(TARGET_NAME)";
				STRING_CATALOG_GENERATE_SYMBOLS = NO;
				SWIFT_APPROACHABLE_CONCURRENCY = YES;
				SWIFT_EMIT_LOC_STRINGS = NO;
				SWIFT_UPCOMING_FEATURE_MEMBER_IMPORT_VISIBILITY = YES;
				SWIFT_VERSION = 5.0;
				TARGETED_DEVICE_FAMILY = 1;
				TEST_HOST = "$(BUILT_PRODUCTS_DIR)/Holystening.app/$(BUNDLE_EXECUTABLE_FOLDER_PATH)/Holystening";
			};
			name = Release;
		};
		093329F32F7F32720060C863 /* Debug */ = {
			isa = XCBuildConfiguration;
			buildSettings = {
				CODE_SIGN_STYLE = Automatic;
				CURRENT_PROJECT_VERSION = 1;
				GENERATE_INFOPLIST_FILE = YES;
				MARKETING_VERSION = 1.0;
				PRODUCT_BUNDLE_IDENTIFIER = Foresee.HstningUITests;
				PRODUCT_NAME = "$(TARGET_NAME)";
				STRING_CATALOG_GENERATE_SYMBOLS = NO;
				SWIFT_APPROACHABLE_CONCURRENCY = YES;
				SWIFT_EMIT_LOC_STRINGS = NO;
				SWIFT_UPCOMING_FEATURE_MEMBER_IMPORT_VISIBILITY = YES;
				SWIFT_VERSION = 5.0;
				TARGETED_DEVICE_FAMILY = 1;
				TEST_TARGET_NAME = Holystening;
			};
			name = Debug;
		};
		093329F42F7F32720060C863 /* Release */ = {
			isa = XCBuildConfiguration;
			buildSettings = {
				CODE_SIGN_STYLE = Automatic;
				CURRENT_PROJECT_VERSION = 1;
				DEVELOPMENT_TEAM = 62KZW9BSQ5;
				GENERATE_INFOPLIST_FILE = YES;
				MARKETING_VERSION = 1.0;
				PRODUCT_BUNDLE_IDENTIFIER = Foresee.HstningUITests;
				PRODUCT_NAME = "$(TARGET_NAME)";
				STRING_CATALOG_GENERATE_SYMBOLS = NO;
				SWIFT_APPROACHABLE_CONCURRENCY = YES;
				SWIFT_EMIT_LOC_STRINGS = NO;
				SWIFT_UPCOMING_FEATURE_MEMBER_IMPORT_VISIBILITY = YES;
				SWIFT_VERSION = 5.0;
				TARGETED_DEVICE_FAMILY = 1;
				TEST_TARGET_NAME = Holystening;
			};
			name = Release;
		};
		09F5B1162F8541800078E209 /* Debug */ = {
			isa = XCBuildConfiguration;
			buildSettings = {
				ASSETCATALOG_COMPILER_GLOBAL_ACCENT_COLOR_NAME = AccentColor;
				ASSETCATALOG_COMPILER_WIDGET_BACKGROUND_COLOR_NAME = WidgetBackground;
				CODE_SIGN_STYLE = Automatic;
				CURRENT_PROJECT_VERSION = 1;
				DEVELOPMENT_TEAM = 62KZW9BSQ5;
				GENERATE_INFOPLIST_FILE = YES;
				INFOPLIST_FILE = PrayerWidget/Info.plist;
				INFOPLIST_KEY_CFBundleDisplayName = PrayerWidget;
				INFOPLIST_KEY_NSHumanReadableCopyright = "";
				LD_RUNPATH_SEARCH_PATHS = (
					"$(inherited)",
					"@executable_path/Frameworks",
					"@executable_path/../../Frameworks",
				);
				MARKETING_VERSION = 1.0;
				PRODUCT_BUNDLE_IDENTIFIER = Foresee.Holystening.PrayerWidget;
				PRODUCT_NAME = "$(TARGET_NAME)";
				SKIP_INSTALL = YES;
				STRING_CATALOG_GENERATE_SYMBOLS = YES;
				SWIFT_APPROACHABLE_CONCURRENCY = YES;
				SWIFT_EMIT_LOC_STRINGS = YES;
				SWIFT_UPCOMING_FEATURE_MEMBER_IMPORT_VISIBILITY = YES;
				SWIFT_VERSION = 5.0;
				TARGETED_DEVICE_FAMILY = 1;
			};
			name = Debug;
		};
		09F5B1172F8541800078E209 /* Release */ = {
			isa = XCBuildConfiguration;
			buildSettings = {
				ASSETCATALOG_COMPILER_GLOBAL_ACCENT_COLOR_NAME = AccentColor;
				ASSETCATALOG_COMPILER_WIDGET_BACKGROUND_COLOR_NAME = WidgetBackground;
				CODE_SIGN_STYLE = Automatic;
				CURRENT_PROJECT_VERSION = 1;
				DEVELOPMENT_TEAM = 62KZW9BSQ5;
				GENERATE_INFOPLIST_FILE = YES;
				INFOPLIST_FILE = PrayerWidget/Info.plist;
				INFOPLIST_KEY_CFBundleDisplayName = PrayerWidget;
				INFOPLIST_KEY_NSHumanReadableCopyright = "";
				LD_RUNPATH_SEARCH_PATHS = (
					"$(inherited)",
					"@executable_path/Frameworks",
					"@executable_path/../../Frameworks",
				);
				MARKETING_VERSION = 1.0;
				PRODUCT_BUNDLE_IDENTIFIER = Foresee.Holystening.PrayerWidget;
				PRODUCT_NAME = "$(TARGET_NAME)";
				SKIP_INSTALL = YES;
				STRING_CATALOG_GENERATE_SYMBOLS = YES;
				SWIFT_APPROACHABLE_CONCURRENCY = YES;
				SWIFT_EMIT_LOC_STRINGS = YES;
				SWIFT_UPCOMING_FEATURE_MEMBER_IMPORT_VISIBILITY = YES;
				SWIFT_VERSION = 5.0;
				TARGETED_DEVICE_FAMILY = 1;
			};
			name = Release;
		};
/* End XCBuildConfiguration section */

/* Begin XCConfigurationList section */
		093329C42F7F32700060C863 /* Build configuration list for PBXProject "Holystening" */ = {
			isa = XCConfigurationList;
			buildConfigurations = (
				093329EA2F7F32720060C863 /* Debug */,
				093329EB2F7F32720060C863 /* Release */,
			);
			defaultConfigurationIsVisible = 0;
			defaultConfigurationName = Release;
		};
		093329EC2F7F32720060C863 /* Build configuration list for PBXNativeTarget "Holystening" */ = {
			isa = XCConfigurationList;
			buildConfigurations = (
				093329ED2F7F32720060C863 /* Debug */,
				093329EE2F7F32720060C863 /* Release */,
			);
			defaultConfigurationIsVisible = 0;
			defaultConfigurationName = Release;
		};
		093329EF2F7F32720060C863 /* Build configuration list for PBXNativeTarget "HstningTests" */ = {
			isa = XCConfigurationList;
			buildConfigurations = (
				093329F02F7F32720060C863 /* Debug */,
				093329F12F7F32720060C863 /* Release */,
			);
			defaultConfigurationIsVisible = 0;
			defaultConfigurationName = Release;
		};
		093329F22F7F32720060C863 /* Build configuration list for PBXNativeTarget "HstningUITests" */ = {
			isa = XCConfigurationList;
			buildConfigurations = (
				093329F32F7F32720060C863 /* Debug */,
				093329F42F7F32720060C863 /* Release */,
			);
			defaultConfigurationIsVisible = 0;
			defaultConfigurationName = Release;
		};
		09F5B1192F8541800078E209 /* Build configuration list for PBXNativeTarget "PrayerWidgetExtension" */ = {
			isa = XCConfigurationList;
			buildConfigurations = (
				09F5B1162F8541800078E209 /* Debug */,
				09F5B1172F8541800078E209 /* Release */,
			);
			defaultConfigurationIsVisible = 0;
			defaultConfigurationName = Release;
		};
/* End XCConfigurationList section */
	};
	rootObject = 093329C12F7F32700060C863 /* Project object */;
}
